
Microsoft Visual Studio Solution File, Format Version 12.00
# Visual Studio Version 17
VisualStudioVersion = 17.13.35931.197 d17.13
MinimumVisualStudioVersion = 10.0.40219.1
Project("{FAE04EC0-301F-11D3-BF4B-00C04F79EFBC}") = "groundCrashers_game", "groundCrashers_game\groundCrashers_game.csproj", "{D5D5CBA4-0E61-4CDB-97E8-482C0723D5BE}"
EndProject
Global
	GlobalSection(SolutionConfigurationPlatforms) = preSolution
		Debug|Any CPU = Debug|Any CPU
		Release|Any CPU = Release|Any CPU
	EndGlobalSection
	GlobalSection(ProjectConfigurationPlatforms) = postSolution
		{D5D5CBA4-0E61-4CDB-97E8-482C0723D5BE}.Debug|Any CPU.ActiveCfg = Debug|Any CPU
		{D5D5CBA4-0E61-4CDB-97E8-482C0723D5BE}.Debug|Any CPU.Build.0 = Debug|Any CPU
		{D5D5CBA4-0E61-4CDB-97E8-482C0723D5BE}.Release|Any CPU.ActiveCfg = Release|Any CPU
		{D5D5CBA4-0E61-4CDB-97E8-482C0723D5BE}.Release|Any CPU.Build.0 = Release|Any CPU
	EndGlobalSection
	GlobalSection(SolutionProperties) = preSolution
		HideSolutionNode = FALSE
	EndGlobalSection
	GlobalSection(ExtensibilityGlobals) = postSolution
		SolutionGuid = {14008229-C56A-4B5D-9DE1-DFE01B0F3996}
	EndGlobalSection
EndGlobal
